// !$*UTF8*$!
{
	archiveVersion = 1;
	classes = {
	};
	objectVersion = 55;
	objects = {

/* Begin PBXBuildFile section */
		2D1C16A728C673F000E72F86 /* FirebaseAuth in Frameworks */ = {isa = PBXBuildFile; productRef = 2D1C16A628C673F000E72F86 /* FirebaseAuth */; };
		2D1C16A928C673F000E72F86 /* FirebaseFirestore in Frameworks */ = {isa = PBXBuildFile; productRef = 2D1C16A828C673F000E72F86 /* FirebaseFirestore */; };
		2D1C16AB28C673F000E72F86 /* FirebaseStorage in Frameworks */ = {isa = PBXBuildFile; productRef = 2D1C16AA28C673F000E72F86 /* FirebaseStorage */; };
		2D34A1EE28CB3CB5006E9573 /* FeedCell.swift in Sources */ = {isa = PBXBuildFile; fileRef = 2D34A1ED28CB3CB5006E9573 /* FeedCell.swift */; };
		2D390AD128C87D550048E78C /* GoogleService-Info.plist in Resources */ = {isa = PBXBuildFile; fileRef = 2D390AD028C87D550048E78C /* GoogleService-Info.plist */; };
		2D56267628C3CE92000A4159 /* FeedVC.swift in Sources */ = {isa = PBXBuildFile; fileRef = 2D56267528C3CE92000A4159 /* FeedVC.swift */; };
		2D56267828C3CEA9000A4159 /* UploadVC.swift in Sources */ = {isa = PBXBuildFile; fileRef = 2D56267728C3CEA9000A4159 /* UploadVC.swift */; };
		2D56267A28C3CEBA000A4159 /* SettingsVC.swift in Sources */ = {isa = PBXBuildFile; fileRef = 2D56267928C3CEBA000A4159 /* SettingsVC.swift */; };
		2D580826290FDA4600AF07F4 /* Post.swift in Sources */ = {isa = PBXBuildFile; fileRef = 2D580825290FDA4600AF07F4 /* Post.swift */; };
		2D93F5B928CE138100E792CB /* SDWebImage in Frameworks */ = {isa = PBXBuildFile; productRef = 2D93F5B828CE138100E792CB /* SDWebImage */; };
		2DBA211D28C3929200A76459 /* AppDelegate.swift in Sources */ = {isa = PBXBuildFile; fileRef = 2DBA211C28C3929200A76459 /* AppDelegate.swift */; };
		2DBA211F28C3929200A76459 /* SceneDelegate.swift in Sources */ = {isa = PBXBuildFile; fileRef = 2DBA211E28C3929200A76459 /* SceneDelegate.swift */; };
		2DBA212128C3929200A76459 /* ViewController.swift in Sources */ = {isa = PBXBuildFile; fileRef = 2DBA212028C3929200A76459 /* ViewController.swift */; };
		2DBA212428C3929200A76459 /* Main.storyboard in Resources */ = {isa = PBXBuildFile; fileRef = 2DBA212228C3929200A76459 /* Main.storyboard */; };
		2DBA212628C3929300A76459 /* Assets.xcassets in Resources */ = {isa = PBXBuildFile; fileRef = 2DBA212528C3929300A76459 /* Assets.xcassets */; };
		2DBA212928C3929300A76459 /* LaunchScreen.storyboard in Resources */ = {isa = PBXBuildFile; fileRef = 2DBA212728C3929300A76459 /* LaunchScreen.storyboard */; };
/* End PBXBuildFile section */

/* Begin PBXFileReference section */
		2D34A1ED28CB3CB5006E9573 /* FeedCell.swift */ = {isa = PBXFileReference; lastKnownFileType = sourcecode.swift; path = FeedCell.swift; sourceTree = "<group>"; };
		2D390AD028C87D550048E78C /* GoogleService-Info.plist */ = {isa = PBXFileReference; fileEncoding = 4; lastKnownFileType = text.plist.xml; name = "GoogleService-Info.plist"; path = "../../../Downloads/GoogleService-Info.plist"; sourceTree = "<group>"; };
		2D56267528C3CE92000A4159 /* FeedVC.swift */ = {isa = PBXFileReference; lastKnownFileType = sourcecode.swift; path = FeedVC.swift; sourceTree = "<group>"; };
		2D56267728C3CEA9000A4159 /* UploadVC.swift */ = {isa = PBXFileReference; lastKnownFileType = sourcecode.swift; path = UploadVC.swift; sourceTree = "<group>"; };
		2D56267928C3CEBA000A4159 /* SettingsVC.swift */ = {isa = PBXFileReference; lastKnownFileType = sourcecode.swift; path = SettingsVC.swift; sourceTree = "<group>"; };
		2D580825290FDA4600AF07F4 /* Post.swift */ = {isa = PBXFileReference; lastKnownFileType = sourcecode.swift; path = Post.swift; sourceTree = "<group>"; };
		2DBA211928C3929200A76459 /* PictureShrApp.app */ = {isa = PBXFileReference; explicitFileType = wrapper.application; includeInIndex = 0; path = PictureShrApp.app; sourceTree = BUILT_PRODUCTS_DIR; };
		2DBA211C28C3929200A76459 /* AppDelegate.swift */ = {isa = PBXFileReference; lastKnownFileType = sourcecode.swift; path = AppDelegate.swift; sourceTree = "<group>"; };
		2DBA211E28C3929200A76459 /* SceneDelegate.swift */ = {isa = PBXFileReference; lastKnownFileType = sourcecode.swift; path = SceneDelegate.swift; sourceTree = "<group>"; };
		2DBA212028C3929200A76459 /* ViewController.swift */ = {isa = PBXFileReference; lastKnownFileType = sourcecode.swift; path = ViewController.swift; sourceTree = "<group>"; };
		2DBA212328C3929200A76459 /* Base */ = {isa = PBXFileReference; lastKnownFileType = file.storyboard; name = Base; path = Base.lproj/Main.storyboard; sourceTree = "<group>"; };
		2DBA212528C3929300A76459 /* Assets.xcassets */ = {isa = PBXFileReference; lastKnownFileType = folder.assetcatalog; path = Assets.xcassets; sourceTree = "<group>"; };
		2DBA212828C3929300A76459 /* Base */ = {isa = PBXFileReference; lastKnownFileType = file.storyboard; name = Base; path = Base.lproj/LaunchScreen.storyboard; sourceTree = "<group>"; };
		2DBA212A28C3929300A76459 /* Info.plist */ = {isa = PBXFileReference; lastKnownFileType = text.plist.xml; path = Info.plist; sourceTree = "<group>"; };
/* End PBXFileReference section */

/* Begin PBXFrameworksBuildPhase section */
		2DBA211628C3929200A76459 /* Frameworks */ = {
			isa = PBXFrameworksBuildPhase;
			buildActionMask = 2147483647;
			files = (
				2D1C16A728C673F000E72F86 /* FirebaseAuth in Frameworks */,
				2D1C16A928C673F000E72F86 /* FirebaseFirestore in Frameworks */,
				2D93F5B928CE138100E792CB /* SDWebImage in Frameworks */,
				2D1C16AB28C673F000E72F86 /* FirebaseStorage in Frameworks */,
			);
			runOnlyForDeploymentPostprocessing = 0;
		};
/* End PBXFrameworksBuildPhase section */

/* Begin PBXGroup section */
		2DBA211028C3929200A76459 = {
			isa = PBXGroup;
			children = (
				2DBA211B28C3929200A76459 /* PictureShrApp */,
				2DBA211A28C3929200A76459 /* Products */,
			);
			sourceTree = "<group>";
		};
		2DBA211A28C3929200A76459 /* Products */ = {
			isa = PBXGroup;
			children = (
				2DBA211928C3929200A76459 /* PictureShrApp.app */,
			);
			name = Products;
			sourceTree = "<group>";
		};
		2DBA211B28C3929200A76459 /* PictureShrApp */ = {
			isa = PBXGroup;
			children = (
				2DBA211C28C3929200A76459 /* AppDelegate.swift */,
				2DBA211E28C3929200A76459 /* SceneDelegate.swift */,
				2DBA212028C3929200A76459 /* ViewController.swift */,
				2D56267528C3CE92000A4159 /* FeedVC.swift */,
				2D34A1ED28CB3CB5006E9573 /* FeedCell.swift */,
				2D580825290FDA4600AF07F4 /* Post.swift */,
				2D56267728C3CEA9000A4159 /* UploadVC.swift */,
				2D56267928C3CEBA000A4159 /* SettingsVC.swift */,
				2DBA212228C3929200A76459 /* Main.storyboard */,
				2DBA212528C3929300A76459 /* Assets.xcassets */,
				2DBA212728C3929300A76459 /* LaunchScreen.storyboard */,
				2DBA212A28C3929300A76459 /* Info.plist */,
				2D390AD028C87D550048E78C /* GoogleService-Info.plist */,
			);
			path = PictureShrApp;
			sourceTree = "<group>";
		};
/* End PBXGroup section */

/* Begin PBXNativeTarget section */
		2DBA211828C3929200A76459 /* PictureShrApp */ = {
			isa = PBXNativeTarget;
			buildConfigurationList = 2DBA212D28C3929300A76459 /* Build configuration list for PBXNativeTarget "PictureShrApp" */;
			buildPhases = (
				2DBA211528C3929200A76459 /* Sources */,
				2DBA211628C3929200A76459 /* Frameworks */,
				2DBA211728C3929200A76459 /* Resources */,
			);
			buildRules = (
			);
			dependencies = (
			);
			name = PictureShrApp;
			packageProductDependencies = (
				2D1C16A628C673F000E72F86 /* FirebaseAuth */,
				2D1C16A828C673F000E72F86 /* FirebaseFirestore */,
				2D1C16AA28C673F000E72F86 /* FirebaseStorage */,
				2D93F5B828CE138100E792CB /* SDWebImage */,
			);
			productName = PictureShrApp;
			productReference = 2DBA211928C3929200A76459 /* PictureShrApp.app */;
			productType = "com.apple.product-type.application";
		};
/* End PBXNativeTarget section */

/* Begin PBXProject section */
		2DBA211128C3929200A76459 /* Project object */ = {
			isa = PBXProject;
			attributes = {
				BuildIndependentTargetsInParallel = 1;
				LastSwiftUpdateCheck = 1340;
				LastUpgradeCheck = 1340;
				TargetAttributes = {
					2DBA211828C3929200A76459 = {
						CreatedOnToolsVersion = 13.4.1;
					};
				};
			};
			buildConfigurationList = 2DBA211428C3929200A76459 /* Build configuration list for PBXProject "PictureShrApp" */;
			compatibilityVersion = "Xcode 13.0";
			developmentRegion = en;
			hasScannedForEncodings = 0;
			knownRegions = (
				en,
				Base,
			);
			mainGroup = 2DBA211028C3929200A76459;
			packageReferences = (
				2D1C16A528C673F000E72F86 /* XCRemoteSwiftPackageReference "firebase-ios-sdk" */,
				2D93F5B728CE138100E792CB /* XCRemoteSwiftPackageReference "SDWebImage" */,
			);
			productRefGroup = 2DBA211A28C3929200A76459 /* Products */;
			projectDirPath = "";
			projectRoot = "";
			targets = (
				2DBA211828C3929200A76459 /* PictureShrApp */,
			);
		};
/* End PBXProject section */

/* Begin PBXResourcesBuildPhase section */
		2DBA211728C3929200A76459 /* Resources */ = {
			isa = PBXResourcesBuildPhase;
			buildActionMask = 2147483647;
			files = (
				2DBA212928C3929300A76459 /* LaunchScreen.storyboard in Resources */,
				2D390AD128C87D550048E78C /* GoogleService-Info.plist in Resources */,
				2DBA212628C3929300A76459 /* Assets.xcassets in Resources */,
				2DBA212428C3929200A76459 /* Main.storyboard in Resources */,
			);
			runOnlyForDeploymentPostprocessing = 0;
		};
/* End PBXResourcesBuildPhase section */

/* Begin PBXSourcesBuildPhase section */
		2DBA211528C3929200A76459 /* Sources */ = {
			isa = PBXSourcesBuildPhase;
			buildActionMask = 2147483647;
			files = (
				2D34A1EE28CB3CB5006E9573 /* FeedCell.swift in Sources */,
				2D56267628C3CE92000A4159 /* FeedVC.swift in Sources */,
				2DBA212128C3929200A76459 /* ViewController.swift in Sources */,
				2D580826290FDA4600AF07F4 /* Post.swift in Sources */,
				2DBA211D28C3929200A76459 /* AppDelegate.swift in Sources */,
				2D56267828C3CEA9000A4159 /* UploadVC.swift in Sources */,
				2DBA211F28C3929200A76459 /* SceneDelegate.swift in Sources */,
				2D56267A28C3CEBA000A4159 /* SettingsVC.swift in Sources */,
			);
			runOnlyForDeploymentPostprocessing = 0;
		};
/* End PBXSourcesBuildPhase section */

/* Begin PBXVariantGroup section */
		2DBA212228C3929200A76459 /* Main.storyboard */ = {
			isa = PBXVariantGroup;
			children = (
				2DBA212328C3929200A76459 /* Base */,
			);
			name = Main.storyboard;
			sourceTree = "<group>";
		};
		2DBA212728C3929300A76459 /* LaunchScreen.storyboard */ = {
			isa = PBXVariantGroup;
			children = (
				2DBA212828C3929300A76459 /* Base */,
			);
			name = LaunchScreen.storyboard;
			sourceTree = "<group>";
		};
/* End PBXVariantGroup section */

/* Begin XCBuildConfiguration section */
		2DBA212B28C3929300A76459 /* Debug */ = {
			isa = XCBuildConfiguration;
			buildSettings = {
				ALWAYS_SEARCH_USER_PATHS = NO;
				CLANG_ANALYZER_NONNULL = YES;
				CLANG_ANALYZER_NUMBER_OBJECT_CONVERSION = YES_AGGRESSIVE;
				CLANG_CXX_LANGUAGE_STANDARD = "gnu++17";
				CLANG_ENABLE_MODULES = YES;
				CLANG_ENABLE_OBJC_ARC = YES;
				CLANG_ENABLE_OBJC_WEAK = YES;
				CLANG_WARN_BLOCK_CAPTURE_AUTORELEASING = YES;
				CLANG_WARN_BOOL_CONVERSION = YES;
				CLANG_WARN_COMMA = YES;
				CLANG_WARN_CONSTANT_CONVERSION = YES;
				CLANG_WARN_DEPRECATED_OBJC_IMPLEMENTATIONS = YES;
				CLANG_WARN_DIRECT_OBJC_ISA_USAGE = YES_ERROR;
				CLANG_WARN_DOCUMENTATION_COMMENTS = YES;
				CLANG_WARN_EMPTY_BODY = YES;
				CLANG_WARN_ENUM_CONVERSION = YES;
				CLANG_WARN_INFINITE_RECURSION = YES;
				CLANG_WARN_INT_CONVERSION = YES;
				CLANG_WARN_NON_LITERAL_NULL_CONVERSION = YES;
				CLANG_WARN_OBJC_IMPLICIT_RETAIN_SELF = YES;
				CLANG_WARN_OBJC_LITERAL_CONVERSION = YES;
				CLANG_WARN_OBJC_ROOT_CLASS = YES_ERROR;
				CLANG_WARN_QUOTED_INCLUDE_IN_FRAMEWORK_HEADER = YES;
				CLANG_WARN_RANGE_LOOP_ANALYSIS = YES;
				CLANG_WARN_STRICT_PROTOTYPES = YES;
				CLANG_WARN_SUSPICIOUS_MOVE = YES;
				CLANG_WARN_UNGUARDED_AVAILABILITY = YES_AGGRESSIVE;
				CLANG_WARN_UNREACHABLE_CODE = YES;
				CLANG_WARN__DUPLICATE_METHOD_MATCH = YES;
				COPY_PHASE_STRIP = NO;
				DEBUG_INFORMATION_FORMAT = dwarf;
				ENABLE_STRICT_OBJC_MSGSEND = YES;
				ENABLE_TESTABILITY = YES;
				GCC_C_LANGUAGE_STANDARD = gnu11;
				GCC_DYNAMIC_NO_PIC = NO;
				GCC_NO_COMMON_BLOCKS = YES;
				GCC_OPTIMIZATION_LEVEL = 0;
				GCC_PREPROCESSOR_DEFINITIONS = (
					"DEBUG=1",
					"$(inherited)",
				);
				GCC_WARN_64_TO_32_BIT_CONVERSION = YES;
				GCC_WARN_ABOUT_RETURN_TYPE = YES_ERROR;
				GCC_WARN_UNDECLARED_SELECTOR = YES;
				GCC_WARN_UNINITIALIZED_AUTOS = YES_AGGRESSIVE;
				GCC_WARN_UNUSED_FUNCTION = YES;
				GCC_WARN_UNUSED_VARIABLE = YES;
				IPHONEOS_DEPLOYMENT_TARGET = 15.5;
				MTL_ENABLE_DEBUG_INFO = INCLUDE_SOURCE;
				MTL_FAST_MATH = YES;
				ONLY_ACTIVE_ARCH = YES;
				SDKROOT = iphoneos;
				SWIFT_ACTIVE_COMPILATION_CONDITIONS = DEBUG;
				SWIFT_OPTIMIZATION_LEVEL = "-Onone";
			};
			name = Debug;
		};
		2DBA212C28C3929300A76459 /* Release */ = {
			isa = XCBuildConfiguration;
			buildSettings = {
				ALWAYS_SEARCH_USER_PATHS = NO;
				CLANG_ANALYZER_NONNULL = YES;
				CLANG_ANALYZER_NUMBER_OBJECT_CONVERSION = YES_AGGRESSIVE;
				CLANG_CXX_LANGUAGE_STANDARD = "gnu++17";
				CLANG_ENABLE_MODULES = YES;
				CLANG_ENABLE_OBJC_ARC = YES;
				CLANG_ENABLE_OBJC_WEAK = YES;
				CLANG_WARN_BLOCK_CAPTURE_AUTORELEASING = YES;
				CLANG_WARN_BOOL_CONVERSION = YES;
				CLANG_WARN_COMMA = YES;
				CLANG_WARN_CONSTANT_CONVERSION = YES;
				CLANG_WARN_DEPRECATED_OBJC_IMPLEMENTATIONS = YES;
				CLANG_WARN_DIRECT_OBJC_ISA_USAGE = YES_ERROR;
				CLANG_WARN_DOCUMENTATION_COMMENTS = YES;
				CLANG_WARN_EMPTY_BODY = YES;
				CLANG_WARN_ENUM_CONVERSION = YES;
				CLANG_WARN_INFINITE_RECURSION = YES;
				CLANG_WARN_INT_CONVERSION = YES;
				CLANG_WARN_NON_LITERAL_NULL_CONVERSION = YES;
				CLANG_WARN_OBJC_IMPLICIT_RETAIN_SELF = YES;
				CLANG_WARN_OBJC_LITERAL_CONVERSION = YES;
				CLANG_WARN_OBJC_ROOT_CLASS = YES_ERROR;
				CLANG_WARN_QUOTED_INCLUDE_IN_FRAMEWORK_HEADER = YES;
				CLANG_WARN_RANGE_LOOP_ANALYSIS = YES;
				CLANG_WARN_STRICT_PROTOTYPES = YES;
				CLANG_WARN_SUSPICIOUS_MOVE = YES;
				CLANG_WARN_UNGUARDED_AVAILABILITY = YES_AGGRESSIVE;
				CLANG_WARN_UNREACHABLE_CODE = YES;
				CLANG_WARN__DUPLICATE_METHOD_MATCH = YES;
				COPY_PHASE_STRIP = NO;
				DEBUG_INFORMATION_FORMAT = "dwarf-with-dsym";
				ENABLE_NS_ASSERTIONS = NO;
				ENABLE_STRICT_OBJC_MSGSEND = YES;
				GCC_C_LANGUAGE_STANDARD = gnu11;
				GCC_NO_COMMON_BLOCKS = YES;
				GCC_WARN_64_TO_32_BIT_CONVERSION = YES;
				GCC_WARN_ABOUT_RETURN_TYPE = YES_ERROR;
				GCC_WARN_UNDECLARED_SELECTOR = YES;
				GCC_WARN_UNINITIALIZED_AUTOS = YES_AGGRESSIVE;
				GCC_WARN_UNUSED_FUNCTION = YES;
				GCC_WARN_UNUSED_VARIABLE = YES;
				IPHONEOS_DEPLOYMENT_TARGET = 15.5;
				MTL_ENABLE_DEBUG_INFO = NO;
				MTL_FAST_MATH = YES;
				SDKROOT = iphoneos;
				SWIFT_COMPILATION_MODE = wholemodule;
				SWIFT_OPTIMIZATION_LEVEL = "-O";
				VALIDATE_PRODUCT = YES;
			};
			name = Release;
		};
		2DBA212E28C3929300A76459 /* Debug */ = {
			isa = XCBuildConfiguration;
			buildSettings = {
				ASSETCATALOG_COMPILER_APPICON_NAME = AppIcon;
				ASSETCATALOG_COMPILER_GLOBAL_ACCENT_COLOR_NAME = AccentColor;
				CODE_SIGN_STYLE = Automatic;
				CURRENT_PROJECT_VERSION = 1;
				DEVELOPMENT_TEAM = 4N68KL7P3X;
				GENERATE_INFOPLIST_FILE = YES;
				INFOPLIST_FILE = PictureShrApp/Info.plist;
				INFOPLIST_KEY_UIApplicationSupportsIndirectInputEvents = YES;
				INFOPLIST_KEY_UILaunchStoryboardName = LaunchScreen;
				INFOPLIST_KEY_UIMainStoryboardFile = Main;
				INFOPLIST_KEY_UISupportedInterfaceOrientations_iPad = "UIInterfaceOrientationPortrait UIInterfaceOrientationPortraitUpsideDown UIInterfaceOrientationLandscapeLeft UIInterfaceOrientationLandscapeRight";
				INFOPLIST_KEY_UISupportedInterfaceOrientations_iPhone = "UIInterfaceOrientationPortrait UIInterfaceOrientationLandscapeLeft UIInterfaceOrientationLandscapeRight";
				LD_RUNPATH_SEARCH_PATHS = (
					"$(inherited)",
					"@executable_path/Frameworks",
				);
				MARKETING_VERSION = 1.0;
				PRODUCT_BUNDLE_IDENTIFIER = com.erbilcan.PictureShrApp;
				PRODUCT_NAME = "$(TARGET_NAME)";
				SWIFT_EMIT_LOC_STRINGS = YES;
				SWIFT_VERSION = 5.0;
				TARGETED_DEVICE_FAMILY = "1,2";
			};
			name = Debug;
		};
		2DBA212F28C3929300A76459 /* Release */ = {
			isa = XCBuildConfiguration;
			buildSettings = {
				ASSETCATALOG_COMPILER_APPICON_NAME = AppIcon;
				ASSETCATALOG_COMPILER_GLOBAL_ACCENT_COLOR_NAME = AccentColor;
				CODE_SIGN_STYLE = Automatic;
				CURRENT_PROJECT_VERSION = 1;
				DEVELOPMENT_TEAM = 4N68KL7P3X;
				GENERATE_INFOPLIST_FILE = YES;
				INFOPLIST_FILE = PictureShrApp/Info.plist;
				INFOPLIST_KEY_UIApplicationSupportsIndirectInputEvents = YES;
				INFOPLIST_KEY_UILaunchStoryboardName = LaunchScreen;
				INFOPLIST_KEY_UIMainStoryboardFile = Main;
				INFOPLIST_KEY_UISupportedInterfaceOrientations_iPad = "UIInterfaceOrientationPortrait UIInterfaceOrientationPortraitUpsideDown UIInterfaceOrientationLandscapeLeft UIInterfaceOrientationLandscapeRight";
				INFOPLIST_KEY_UISupportedInterfaceOrientations_iPhone = "UIInterfaceOrientationPortrait UIInterfaceOrientationLandscapeLeft UIInterfaceOrientationLandscapeRight";
				LD_RUNPATH_SEARCH_PATHS = (
					"$(inherited)",
					"@executable_path/Frameworks",
				);
				MARKETING_VERSION = 1.0;
				PRODUCT_BUNDLE_IDENTIFIER = com.erbilcan.PictureShrApp;
				PRODUCT_NAME = "$(TARGET_NAME)";
				SWIFT_EMIT_LOC_STRINGS = YES;
				SWIFT_VERSION = 5.0;
				TARGETED_DEVICE_FAMILY = "1,2";
			};
			name = Release;
		};
/* End XCBuildConfiguration section */

/* Begin XCConfigurationList section */
		2DBA211428C3929200A76459 /* Build configuration list for PBXProject "PictureShrApp" */ = {
			isa = XCConfigurationList;
			buildConfigurations = (
				2DBA212B28C3929300A76459 /* Debug */,
				2DBA212C28C3929300A76459 /* Release */,
			);
			defaultConfigurationIsVisible = 0;
			defaultConfigurationName = Release;
		};
		2DBA212D28C3929300A76459 /* Build configuration list for PBXNativeTarget "PictureShrApp" */ = {
			isa = XCConfigurationList;
			buildConfigurations = (
				2DBA212E28C3929300A76459 /* Debug */,
				2DBA212F28C3929300A76459 /* Release */,
			);
			defaultConfigurationIsVisible = 0;
			defaultConfigurationName = Release;
		};
/* End XCConfigurationList section */

/* Begin XCRemoteSwiftPackageReference section */
		2D1C16A528C673F000E72F86 /* XCRemoteSwiftPackageReference "firebase-ios-sdk" */ = {
			isa = XCRemoteSwiftPackageReference;
			repositoryURL = "https://github.com/firebase/firebase-ios-sdk";
			requirement = {
				branch = master;
				kind = branch;
			};
		};
		2D93F5B728CE138100E792CB /* XCRemoteSwiftPackageReference "SDWebImage" */ = {
			isa = XCRemoteSwiftPackageReference;
			repositoryURL = "https://github.com/SDWebImage/SDWebImage.git";
			requirement = {
				kind = upToNextMajorVersion;
				minimumVersion = 5.0.0;
			};
		};
/* End XCRemoteSwiftPackageReference section */

/* Begin XCSwiftPackageProductDependency section */
		2D1C16A628C673F000E72F86 /* FirebaseAuth */ = {
			isa = XCSwiftPackageProductDependency;
			package = 2D1C16A528C673F000E72F86 /* XCRemoteSwiftPackageReference "firebase-ios-sdk" */;
			productName = FirebaseAuth;
		};
		2D1C16A828C673F000E72F86 /* FirebaseFirestore */ = {
			isa = XCSwiftPackageProductDependency;
			package = 2D1C16A528C673F000E72F86 /* XCRemoteSwiftPackageReference "firebase-ios-sdk" */;
			productName = FirebaseFirestore;
		};
		2D1C16AA28C673F000E72F86 /* FirebaseStorage */ = {
			isa = XCSwiftPackageProductDependency;
			package = 2D1C16A528C673F000E72F86 /* XCRemoteSwiftPackageReference "firebase-ios-sdk" */;
			productName = FirebaseStorage;
		};
		2D93F5B828CE138100E792CB /* SDWebImage */ = {
			isa = XCSwiftPackageProductDependency;
			package = 2D93F5B728CE138100E792CB /* XCRemoteSwiftPackageReference "SDWebImage" */;
			productName = SDWebImage;
		};
/* End XCSwiftPackageProductDependency section */
	};
	rootObject = 2DBA211128C3929200A76459 /* Project object */;
}
